
Microsoft Visual Studio Solution File, Format Version 12.00
# Visual Studio Version 17
VisualStudioVersion = 17.9.34728.123
MinimumVisualStudioVersion = 10.0.40219.1
Project("{9A19103F-16F7-4668-BE54-9A1E7A4F7556}") = "BibliotecaApi", "BibliotecaApi\BibliotecaApi.csproj", "{CC91164C-B1C4-4336-86C7-771E7ED8C4E2}"
EndProject
Global
	GlobalSection(SolutionConfigurationPlatforms) = preSolution
		Debug|Any CPU = Debug|Any CPU
		Release|Any CPU = Release|Any CPU
	EndGlobalSection
	GlobalSection(ProjectConfigurationPlatforms) = postSolution
		{CC91164C-B1C4-4336-86C7-771E7ED8C4E2}.Debug|Any CPU.ActiveCfg = Debug|Any CPU
		{CC91164C-B1C4-4336-86C7-771E7ED8C4E2}.Debug|Any CPU.Build.0 = Debug|Any CPU
		{CC91164C-B1C4-4336-86C7-771E7ED8C4E2}.Release|Any CPU.ActiveCfg = Release|Any CPU
		{CC91164C-B1C4-4336-86C7-771E7ED8C4E2}.Release|Any CPU.Build.0 = Release|Any CPU
	EndGlobalSection
	GlobalSection(SolutionProperties) = preSolution
		HideSolutionNode = FALSE
	EndGlobalSection
	GlobalSection(ExtensibilityGlobals) = postSolution
		SolutionGuid = {4A6AA293-A34D-4FB2-87A1-C79011E09E05}
	EndGlobalSection
EndGlobal
